github.com/andybalholm/brotli v1.2.0 h1:ukwgCxwYrmACq68yiUqwIWnGY0cTPox/M94sVwToPjQ=
github.com/andybalholm/brotli v1.2.0/go.mod h1:rzTDkvFWvIrjDXZHkuS16NPggd91W3kUSvPlQ1pLaKY=
github.com/apernet/go-tproxy v0.0.0-20230809025308-8f4723fd742f h1:uVh0qpEslrWjgzx9vOcyCqsOY3c9kofDZ1n+qaw35ZY=
github.com/apernet/go-tproxy v0.0.0-20230809025308-8f4723fd742f/go.mod h1:xkkq9D4ygcldQQhKS/w9CadiCKwCngU7K9E3DaKahpM=
github.com/apernet/quic-go v0.54.1-0.20250907230547-eb32f8aec5e2 h1:03y2WeGln3/QmBzm+KGQ3yej7Uz+76CqHoisdzYzf30=
github.com/apernet/quic-go v0.54.1-0.20250907230547-eb32f8aec5e2/go.mod h1:Y4cCWi64O51TRUKDPy0ShA2/pevlWiWJJnlNo2fO2ds=
github.com/apernet/sing-tun v0.2.6-0.20240323130332-b9f6511036ad h1:QzQ2sKpc9o42HNRR8ukM5uMC/RzR2HgZd/Nvaqol2C0=
github.com/apernet/sing-tun v0.2.6-0.20240323130332-b9f6511036ad/go.mod h1:S5IydyLSN/QAfvY+r2GoomPJ6hidtXWm/Ad18sJVssk=
github.com/babolivier/go-doh-client v0.0.0-20201028162107-a76cff4cb8b6 h1:4NNbNM2Iq/k57qEu7WfL67UrbPq1uFWxW4qODCohi+0=
github.com/babolivier/go-doh-client v0.0.0-20201028162107-a76cff4cb8b6/go.mod h1:J29hk+f9lJrblVIfiJOtTFk+OblBawmib4uz/VdKzlg=
github.com/caddyserver/certmagic v0.25.0 h1:VMleO/XA48gEWes5l+Fh6tRWo9bHkhwAEhx63i+F5ic=
github.com/caddyserver/certmagic v0.25.0/go.mod h1:m9yB7Mud24OQbPHOiipAoyKPn9pKHhpSJxXR1jydBxA=
github.com/caddyserver/zerossl v0.1.3 h1:onS+pxp3M8HnHpN5MMbOMyNjmTheJyWRaZYwn+YTAyA=
github.com/caddyserver/zerossl v0.1.3/go.mod h1:CxA0acn7oEGO6//4rtrRjYgEoa4MFw/XofZnrYwGqG4=
github.com/cpuguy83/go-md2man/v2 v2.0.6/go.mod h1:oOW0eioCTA6cOiMLiUPZOpcVxMig6NIQQ7OS05n1F4g=
github.com/database64128/netx-go v0.1.1 h1:dT5LG7Gs7zFZBthFBbzWE6K8wAHjSNAaK7wCYZT7NzM=
github.com/database64128/netx-go v0.1.1/go.mod h1:LNlYVipaYkQArRFDNNJ02VkNV+My9A5XR/IGS7sIBQc=
github.com/database64128/tfo-go/v2 v2.3.1 h1:EGE+ELd5/AQ0X6YBlQ9RgKs8+kciNhgN3d8lRvfEJQw=
github.com/database64128/tfo-go/v2 v2.3.1/go.mod h1:k9wcpg/8i5zenspBkc9jUEYehpZZccBnCElzOJB++bU=
github.com/davecgh/go-spew v1.1.1 h1:vj9j/u1bqnvCEfJOwUhtlOARqs3+rkHYY13jYWTU97c=
github.com/davecgh/go-spew v1.1.1/go.mod h1:J7Y8YcW2NihsgmVo/mv3lAwl/skON4iLHjSsI+c5H38=
github.com/fatih/color v1.16.0 h1:zmkK9Ngbjj+K0yRhTVONQh1p/HknKYSlNT+vZCzyokM=
github.com/fatih/color v1.16.0/go.mod h1:fL2Sau1YI5c0pdGEVCbKQbLXB6edEj1ZgiY4NijnWvE=
github.com/frankban/quicktest v1.14.6 h1:7Xjx+VpznH+oBnejlPUj8oUpdxnVs4f8XU8WnHkI4W8=
github.com/frankban/quicktest v1.14.6/go.mod h1:4ptaffx2x8+WTWXmUCuVU6aPUX1/Mz7zb5vbUoiM6w0=
github.com/fsnotify/fsnotify v1.9.0 h1:2Ml+OJNzbYCTzsxtv8vKSFD9PbJjmhYF14k/jKC7S9k=
github.com/fsnotify/fsnotify v1.9.0/go.mod h1:8jBTzvmWwFyi3Pb8djgCCO5IBqzKJ/Jwo8TRcHyHii0=
github.com/go-ole/go-ole v1.3.0 h1:Dt6ye7+vXGIKZ7Xtk4s6/xVdGDQynvom7xCFEdWr6uE=
github.com/go-ole/go-ole v1.3.0/go.mod h1:5LS6F96DhAwUc7C+1HLexzMXY1xGRSryjyPPKW6zv78=
github.com/go-viper/mapstructure/v2 v2.4.0 h1:EBsztssimR/CONLSZZ04E8qAkxNYq4Qp9LvH92wZUgs=
github.com/go-viper/mapstructure/v2 v2.4.0/go.mod h1:oJDH3BJKyqBA2TXFhDsKDGDTlndYOZ6rGS0BRZIxGhM=
github.com/google/go-cmp v0.5.2/go.mod h1:v8dTdLbMG2kIc/vJvl+f65V22dbkXbowE6jgT/gNBxE=
github.com/google/go-cmp v0.6.0 h1:ofyhxvXcZhMsU5ulbFiLKl/XBFqE1GSq7atu8tAmTRI=
github.com/google/go-cmp v0.6.0/go.mod h1:17dUlkBOakJ0+DkrSSNjCkIjxS6bF9zb3elmeNGIjoY=
github.com/google/go-querystring v1.1.0 h1:AnCroh3fv4ZBgVIf1Iwtovgjaw/GiKJo8M8yD/fhyJ8=
github.com/google/go-querystring v1.1.0/go.mod h1:Kcdr2DB4koayq7X8pmAG4sNG59So17icRSOU623lUBU=
github.com/hashicorp/go-cleanhttp v0.5.2 h1:035FKYIWjmULyFRBKPs8TBQoi0x6d9G4xc9neXJWAZQ=
github.com/hashicorp/go-cleanhttp v0.5.2/go.mod h1:kO/YDlP8L1346E6Sodw+PrpBSV4/SoxCXGY6BqNFT48=
github.com/hashicorp/go-hclog v1.6.3 h1:Qr2kF+eVWjTiYmU7Y31tYlP1h0q/X3Nl3tPGdaB11/k=
github.com/hashicorp/go-hclog v1.6.3/go.mod h1:W4Qnvbt70Wk/zYJryRzDRU/4r0kIg0PVHBcfoyhpF5M=
github.com/hashicorp/go-retryablehttp v0.7.8 h1:ylXZWnqa7Lhqpk0L1P1LzDtGcCR0rPVUrx/c8Unxc48=
github.com/hashicorp/go-retryablehttp v0.7.8/go.mod h1:rjiScheydd+CxvumBsIrFKlx3iS0jrZ7LvzFGFmuKbw=
github.com/hashicorp/golang-lru/v2 v2.0.7 h1:a+bsQ5rvGLjzHuww6tVxozPZFVghXaHOwFs4luLUK2k=
github.com/hashicorp/golang-lru/v2 v2.0.7/go.mod h1:QeFd9opnmA6QUJc5vARoKUSoFhyfM2/ZepoAG6RGpeM=
github.com/inconshreveable/mousetrap v1.1.0 h1:wN+x4NVGpMsO7ErUn/mUI3vEoE6Jt13X2s0bqwp9tc8=
github.com/inconshreveable/mousetrap v1.1.0/go.mod h1:vpF70FUmC8bwa3OWnCshd2FqLfsEA9PFc4w1p2J65bw=
github.com/klauspost/compress v1.18.0 h1:c/Cqfb0r+Yi+JtIEq73FWXVkRonBlf0CRNYc8Zttxdo=
github.com/klauspost/compress v1.18.0/go.mod h1:2Pp+KzxcywXVXMr50+X0Q/Lsb43OQHYWRCY2AiWywWQ=
github.com/klauspost/cpuid/v2 v2.3.0 h1:S4CRMLnYUhGeDFDqkGriYKdfoFlDnMtqTiI/sFzhA9Y=
github.com/klauspost/cpuid/v2 v2.3.0/go.mod h1:hqwkgyIinND0mEev00jJYCxPNVRVXFQeu1XKlok6oO0=
github.com/kr/pretty v0.3.1 h1:flRD4NNwYAUpkphVc1HcthR4KEIFJ65n8Mw5qdRn3LE=
github.com/kr/pretty v0.3.1/go.mod h1:hoEshYVHaxMs3cyo3Yncou5ZscifuDolrwPKZanG3xk=
github.com/kr/text v0.2.0 h1:5Nx0Ya0ZqY2ygV366QzturHI13Jq95ApcVaJBhpS+AY=
github.com/kr/text v0.2.0/go.mod h1:eLer722TekiGuMkidMxC/pM04lWEeraHUUmBw8l2grE=
github.com/libdns/cloudflare v0.2.1 h1:E8aoP5o79AU47t1XyzCgSecST3GvWv/nC3ycibg0t+o=
github.com/libdns/cloudflare v0.2.1/go.mod h1:Aq4IXdjalB6mD0ELvKqJiIGim8zSC6mlIshRPMOAb5w=
github.com/libdns/duckdns v0.3.0 h1:YsNlEDrA/F6dOjOCPewS9wqA9OKE5Rduk5eVpAPdcQA=
github.com/libdns/duckdns v0.3.0/go.mod h1:vYP8yqVE55XmLSj0LM3T2i4GO0tCyepXggsJvMwGwws=
github.com/libdns/gandi v1.1.0 h1:gBBbx23xejvOpbUX7HRqCYsROYag5+OUMGhQXzAkol4=
github.com/libdns/gandi v1.1.0/go.mod h1:HAbs4cfjYUX28d25Iyn9rq4oNLoVLpJ6YSkRFLbo9IE=
github.com/libdns/godaddy v1.1.0 h1:mxB107yFulEGApacljrCfaR4faR/9d9SyrGmjD2VubU=
github.com/libdns/godaddy v1.1.0/go.mod h1:ZU6B93OoBN8jTbN97Ud5QdgbNvd6asV0EO8KVrGMWm4=
github.com/libdns/libdns v0.2.0/go.mod h1:yQCXzk1lEZmmCPa857bnk4TsOiqYasqpyOEeSObbb40=
github.com/libdns/libdns v1.1.1 h1:wPrHrXILoSHKWJKGd0EiAVmiJbFShguILTg9leS/P/U=
github.com/libdns/libdns v1.1.1/go.mod h1:4Bj9+5CQiNMVGf87wjX4CY3HQJypUHRuLvlsfsZqLWQ=
github.com/libdns/namedotcom v0.3.3 h1:R10C7+IqQGVeC4opHHMiFNBxdNBg1bi65ZwqLESl+jE=
github.com/libdns/namedotcom v0.3.3/go.mod h1:GbYzsAF2yRUpI0WgIK5fs5UX+kDVUPaYCFLpTnKQm0s=
github.com/libdns/vultr v1.0.0 h1:W8B4+k2bm9ro3bZLSZV9hMOQI+uO6Svu+GmD+Olz7ZI=
github.com/libdns/vultr v1.0.0/go.mod h1:8K1HJExcbeHS4YPkFHRZpqpXZzZ+DZAA0m0VikJgEqk=
github.com/mattn/go-colorable v0.1.14 h1:9A9LHSqF/7dyVVX6g0U9cwm9pG3kP9gSzcuIPHPsaIE=
github.com/mattn/go-colorable v0.1.14/go.mod h1:6LmQG8QLFO4G5z1gPvYEzlUgJ2wF+stgPZH1UqBm1s8=
github.com/mattn/go-isatty v0.0.20 h1:xfD0iDuEKnDkl03q4limB+vH+GxLEtL/jb4xVJSWWEY=
github.com/mattn/go-isatty v0.0.20/go.mod h1:W+V8PltTTMOvKvAeJH7IuucS94S2C6jfK/D7dTCTo3Y=
github.com/mdp/qrterminal/v3 v3.2.1 h1:6+yQjiiOsSuXT5n9/m60E54vdgFsw0zhADHhHLrFet4=
github.com/mdp/qrterminal/v3 v3.2.1/go.mod h1:jOTmXvnBsMy5xqLniO0R++Jmjs2sTm9dFSuQ5kpz/SU=
github.com/mholt/acmez v1.2.0 h1:1hhLxSgY5FvH5HCnGUuwbKY2VQVo8IU7rxXKSnZ7F30=
github.com/mholt/acmez v1.2.0/go.mod h1:VT9YwH1xgNX1kmYY89gY8xPJC84BFAisjo8Egigt4kE=
github.com/mholt/acmez/v3 v3.1.3 h1:gUl789rjbJSuM5hYzOFnNaGgWPV1xVfnOs59o0dZEcc=
github.com/mholt/acmez/v3 v3.1.3/go.mod h1:L1wOU06KKvq7tswuMDwKdcHeKpFFgkppZy/y0DFxagQ=
github.com/miekg/dns v1.1.51/go.mod h1:2Z9d3CP1LQWihRZUf29mQ19yDThaI4DAYzte2CaQW5c=
github.com/miekg/dns v1.1.68 h1:jsSRkNozw7G/mnmXULynzMNIsgY2dHC8LO6U6Ij2JEA=
github.com/miekg/dns v1.1.68/go.mod h1:fujopn7TB3Pu3JM69XaawiU0wqjpL9/8xGop5UrTPps=
github.com/patrickmn/go-cache v2.1.0+incompatible h1:HRMgzkcYKYpi3C8ajMPV8OFXaaRUnok+kx1WdO15EQc=
github.com/patrickmn/go-cache v2.1.0+incompatible/go.mod h1:3Qf8kWWT7OJRJbdiICTKqZju1ZixQ/KpMGzzAfe6+WQ=
github.com/pelletier/go-toml/v2 v2.2.4 h1:mye9XuhQ6gvn5h28+VilKrrPoQVanw5PMw/TB0t5Ec4=
github.com/pelletier/go-toml/v2 v2.2.4/go.mod h1:2gIqNv+qfxSVS7cM2xJQKtLSTLUE9V8t9Stt+h56mCY=
github.com/pkg/errors v0.9.1 h1:FEBLx1zS214owpjy7qsBeixbURkuhQAwrK5UwLGTwt4=
github.com/pkg/errors v0.9.1/go.mod h1:bwawxfHBFNV+L2hUp1rHADufV3IMtnDRdf1r5NINEl0=
github.com/pmezard/go-difflib v1.0.0 h1:4DBwDE0NGyQoBHbLQYPwSUPoCMWR5BEzIk/f1lZbAQM=
github.com/pmezard/go-difflib v1.0.0/go.mod h1:iKH77koFhYxTK1pcRnkKkqfTogsbg7gZNVY4sRDYZ/4=
github.com/quic-go/qpack v0.5.1 h1:giqksBPnT/HDtZ6VhtFKgoLOWmlyo9Ei6u9PqzIMbhI=
github.com/quic-go/qpack v0.5.1/go.mod h1:+PC4XFrEskIVkcLzpEkbLqq1uCoxPhQuvK5rH1ZgaEg=
github.com/refraction-networking/utls v1.8.0 h1:L38krhiTAyj9EeiQQa2sg+hYb4qwLCqdMcpZrRfbONE=
github.com/refraction-networking/utls v1.8.0/go.mod h1:jkSOEkLqn+S/jtpEHPOsVv/4V4EVnelwbMQl4vCWXAM=
github.com/rogpeppe/go-internal v1.14.1 h1:UQB4HGPB6osV0SQTLymcB4TgvyWu6ZyliaW0tI/otEQ=
github.com/rogpeppe/go-internal v1.14.1/go.mod h1:MaRKkUm5W0goXpeCfT7UZI6fk/L7L7so1lCWt35ZSgc=
github.com/russross/blackfriday/v2 v2.1.0/go.mod h1:+Rmxgy9KzJVeS9/2gXHxylqXiyQDYRxCVz55jmeOWTM=
github.com/sagernet/netlink v0.0.0-20240916134442-83396419aa8b h1:ppoda3bl004POPsp3ut7V+4Mn6+DUbTxyxpB0BjpaIk=
github.com/sagernet/netlink v0.0.0-20240916134442-83396419aa8b/go.mod h1:xLnfdiJbSp8rNqYEdIW/6eDO4mVoogml14Bh2hSiFpM=
github.com/sagernet/sing v0.7.10 h1:2yPhZFx+EkyHPH8hXNezgyRSHyGY12CboId7CtwLROw=
github.com/sagernet/sing v0.7.10/go.mod h1:ARkL0gM13/Iv5VCZmci/NuoOlePoIsW0m7BWfln/Hak=
github.com/sagikazarmark/locafero v0.12.0 h1:/NQhBAkUb4+fH1jivKHWusDYFjMOOKU88eegjfxfHb4=
github.com/sagikazarmark/locafero v0.12.0/go.mod h1:sZh36u/YSZ918v0Io+U9ogLYQJ9tLLBmM4eneO6WwsI=
github.com/scjalliance/comshim v0.0.0-20250111221056-b2ef9d8d7e0f h1:v+bqkkvZj6Oasqi58jzJk03XO0vaXvdb6SS9U1Rbqpw=
github.com/scjalliance/comshim v0.0.0-20250111221056-b2ef9d8d7e0f/go.mod h1:Zt2M6t3i/fnWviIZkuw9wGn2E185P/rWZTqJkIrViGY=
github.com/spf13/afero v1.15.0 h1:b/YBCLWAJdFWJTN9cLhiXXcD7mzKn9Dm86dNnfyQw1I=
github.com/spf13/afero v1.15.0/go.mod h1:NC2ByUVxtQs4b3sIUphxK0NioZnmxgyCrfzeuq8lxMg=
github.com/spf13/cast v1.10.0 h1:h2x0u2shc1QuLHfxi+cTJvs30+ZAHOGRic8uyGTDWxY=
github.com/spf13/cast v1.10.0/go.mod h1:jNfB8QC9IA6ZuY2ZjDp0KtFO2LZZlg4S/7bzP6qqeHo=
github.com/spf13/cobra v1.10.1 h1:lJeBwCfmrnXthfAupyUTzJ/J4Nc1RsHC/mSRU2dll/s=
github.com/spf13/cobra v1.10.1/go.mod h1:7SmJGaTHFVBY0jW4NXGluQoLvhqFQM+6XSKD+P4XaB0=
github.com/spf13/pflag v1.0.9/go.mod h1:McXfInJRrz4CZXVZOBLb0bTZqETkiAhM9Iw0y3An2Bg=
github.com/spf13/pflag v1.0.10 h1:4EBh2KAYBwaONj6b2Ye1GiHfwjqyROoF4RwYO+vPwFk=
github.com/spf13/pflag v1.0.10/go.mod h1:McXfInJRrz4CZXVZOBLb0bTZqETkiAhM9Iw0y3An2Bg=
github.com/spf13/viper v1.21.0 h1:x5S+0EU27Lbphp4UKm1C+1oQO+rKx36vfCoaVebLFSU=
github.com/spf13/viper v1.21.0/go.mod h1:P0lhsswPGWD/1lZJ9ny3fYnVqxiegrlNrEmgLjbTCAY=
github.com/stretchr/objx v0.5.2 h1:xuMeJ0Sdp5ZMRXx/aWO6RZxdr3beISkG5/G/aIRr3pY=
github.com/stretchr/objx v0.5.2/go.mod h1:FRsXN1f5AsAjCGJKqEizvkpNtU+EGNCLh3NxZ/8L+MA=
github.com/stretchr/testify v1.11.1 h1:7s2iGBzp5EwR7/aIZr8ao5+dra3wiQyKjjFuvgVKu7U=
github.com/stretchr/testify v1.11.1/go.mod h1:wZwfW3scLgRK+23gO65QZefKpKQRnfz6sD981Nm4B6U=
github.com/subosito/gotenv v1.6.0 h1:9NlTDc1FTs4qu0DDq7AEtTPNw6SVm7uBMsUCUjABIf8=
github.com/subosito/gotenv v1.6.0/go.mod h1:Dk4QP5c2W3ibzajGcXpNraDfq2IrhjMIvMSWPKKo0FU=
github.com/txthinking/runnergroup v0.0.0-20210608031112-152c7c4432bf/go.mod h1:CLUSJbazqETbaR+i0YAhXBICV9TrKH93pziccMhmhpM=
github.com/txthinking/runnergroup v0.0.0-20250224021307-5864ffeb65ae h1:ArVM1jICfm7g4E4dBet+KHUFMLuxmj1Nxdp/tr3ByCU=
github.com/txthinking/runnergroup v0.0.0-20250224021307-5864ffeb65ae/go.mod h1:cldYm15/XHcGt7ndItnEWHwFZo7dinU+2QoyjfErhsI=
github.com/txthinking/socks5 v0.0.0-20250803014457-d3594b14cf12 h1:L09KVukszx1o8Riju6mJZqEhcf3+9hifSU/tk60oSro=
github.com/txthinking/socks5 v0.0.0-20250803014457-d3594b14cf12/go.mod h1:ntmMHL/xPq1WLeKiw8p/eRATaae6PiVRNipHFJxI8PM=
github.com/v2fly/hysteria/core/v2 v2.0.0-20250113081444-b0a0747ac7ab h1:GstVKviVuxRZXxHzeWq0N2M4LG5A5W1HvFX1b7aQ48w=
github.com/v2fly/hysteria/core/v2 v2.0.0-20250113081444-b0a0747ac7ab/go.mod h1:yWDV7zOoL0pPhVlWV6Hqf46gWYenwwT9g4Y+e5yPRz8=
github.com/vishvananda/netns v0.0.5 h1:DfiHV+j8bA32MFM7bfEunvT8IAqQ/NzSJHtcmW5zdEY=
github.com/vishvananda/netns v0.0.5/go.mod h1:SpkAiCQRtJ6TvvxPnOSyH3BMl6unz3xZlaprSwhNNJM=
github.com/vultr/govultr/v3 v3.24.0 h1:fTTTj0VBve+Miy+wGhlb90M2NMDfpGFi6Frlj3HVy6M=
github.com/vultr/govultr/v3 v3.24.0/go.mod h1:9WwnWGCKnwDlNjHjtt+j+nP+0QWq6hQXzaHgddqrLWY=
github.com/xyproto/randomstring v1.0.5 h1:YtlWPoRdgMu3NZtP45drfy1GKoojuR7hmRcnhZqKjWU=
github.com/xyproto/randomstring v1.0.5/go.mod h1:rgmS5DeNXLivK7YprL0pY+lTuhNQW3iGxZ18UQApw/E=
github.com/yuin/goldmark v1.4.13/go.mod h1:6yULJ656Px+3vBD8DxQVa3kxgyrAnzto9xy5taEt/CY=
github.com/zeebo/assert v1.1.0 h1:hU1L1vLTHsnO8x8c9KAR5GmM5QscxHg5RNU5z5qbUWY=
github.com/zeebo/assert v1.1.0/go.mod h1:Pq9JiuJQpG8JLJdtkwrJESF0Foym2/D9XMU5ciN/wJ0=
github.com/zeebo/blake3 v0.2.4 h1:KYQPkhpRtcqh0ssGYcKLG1JYvddkEA8QwCM/yBqhaZI=
github.com/zeebo/blake3 v0.2.4/go.mod h1:7eeQ6d2iXWRGF6npfaxl2CU+xy2Fjo2gxeyZGCRUjcE=
github.com/zeebo/pcg v1.0.1 h1:lyqfGeWiv4ahac6ttHs+I5hwtH/+1mrhlCtVNQM2kHo=
github.com/zeebo/pcg v1.0.1/go.mod h1:09F0S9iiKrwn9rlI5yjLkmrug154/YRW6KnnXVDM/l4=
go.uber.org/goleak v1.3.0 h1:2K3zAYmnTNqV73imy9J1T3WC+gmCePx2hEGkimedGto=
go.uber.org/goleak v1.3.0/go.mod h1:CoHD4mav9JJNrW/WLlf7HGZPjdw8EucARQHekz1X6bE=
go.uber.org/mock v0.6.0 h1:hyF9dfmbgIX5EfOdasqLsWD6xqpNZlXblLB/Dbnwv3Y=
go.uber.org/mock v0.6.0/go.mod h1:KiVJ4BqZJaMj4svdfmHM0AUx4NJYO8ZNpPnZn1Z+BBU=
go.uber.org/multierr v1.11.0 h1:blXXJkSxSSfBVBlC76pxqeO+LN3aDfLQo+309xJstO0=
go.uber.org/multierr v1.11.0/go.mod h1:20+QtiLqy0Nd6FdQB9TLXag12DsQkrbs3htMFfDN80Y=
go.uber.org/zap v1.27.0 h1:aJMhYGrd5QSmlpLMr2MftRKl7t8J8PTZPA732ud/XR8=
go.uber.org/zap v1.27.0/go.mod h1:GB2qFLM7cTU87MWRP2mPIjqfIDnGu+VIO4V/SdhGo2E=
go.uber.org/zap/exp v0.3.0 h1:6JYzdifzYkGmTdRR59oYH+Ng7k49H9qVpWwNSsGJj3U=
go.uber.org/zap/exp v0.3.0/go.mod h1:5I384qq7XGxYyByIhHm6jg5CHkGY0nsTfbDLgDDlgJQ=
go.yaml.in/yaml/v3 v3.0.4 h1:tfq32ie2Jv2UxXFdLJdh3jXuOzWiL1fo0bu/FbuKpbc=
go.yaml.in/yaml/v3 v3.0.4/go.mod h1:DhzuOOF2ATzADvBadXxruRBLzYTpT36CKvDb3+aBEFg=
go4.org/netipx v0.0.0-20231129151722-fdeea329fbba h1:0b9z3AuHCjxk0x/opv64kcgZLBseWJUpBw5I82+2U4M=
go4.org/netipx v0.0.0-20231129151722-fdeea329fbba/go.mod h1:PLyyIXexvUFg3Owu6p/WfdlivPbZJsZdgWZlrGope/Y=
golang.org/x/crypto v0.0.0-20190308221718-c2843e01d9a2/go.mod h1:djNgcEr1/C05ACkg1iLfiJU5Ep61QUkGW8qpdssI0+w=
golang.org/x/crypto v0.0.0-20210921155107-089bfa567519/go.mod h1:GvvjBRRGRdwPK5ydBHafDWAxML/pGHZbMvKqRZ5+Abc=
golang.org/x/crypto v0.42.0 h1:chiH31gIWm57EkTXpwnqf8qeuMUi0yekh6mT2AvFlqI=
golang.org/x/crypto v0.42.0/go.mod h1:4+rDnOTJhQCx2q7/j6rAN5XDw8kPjeaXEUR2eL94ix8=
golang.org/x/exp v0.0.0-20250911091902-df9299821621 h1:2id6c1/gto0kaHYyrixvknJ8tUK/Qs5IsmBtrc+FtgU=
golang.org/x/exp v0.0.0-20250911091902-df9299821621/go.mod h1:TwQYMMnGpvZyc+JpB/UAuTNIsVJifOlSkrZkhcvpVUk=
golang.org/x/mod v0.6.0-dev.0.20220419223038-86c51ed26bb4/go.mod h1:jJ57K6gSWd91VN4djpZkiMVwK6gcyfeH4XE8wZrZaV4=
golang.org/x/mod v0.7.0/go.mod h1:iBbtSCu2XBx23ZKBPSOrRkjjQPZFPuis4dIYUhu/chs=
golang.org/x/mod v0.28.0 h1:gQBtGhjxykdjY9YhZpSlZIsbnaE2+PgjfLWUQTnoZ1U=
golang.org/x/mod v0.28.0/go.mod h1:yfB/L0NOf/kmEbXjzCPOx1iK1fRutOydrCMsqRhEBxI=
golang.org/x/net v0.0.0-20190620200207-3b0461eec859/go.mod h1:z5CRVTTTmAJ677TzLLGU+0bjPO0LkuOLi4/5GtJWs/s=
golang.org/x/net v0.0.0-20210226172049-e18ecbb05110/go.mod h1:m0MpNAwzfU5UDzcl9v0D8zg8gWTRqZa9RBIspLL5mdg=
golang.org/x/net v0.0.0-20220722155237-a158d28d115b/go.mod h1:XRhObCWvk6IyKnWLug+ECip1KBveYUHfp+8e9klMJ9c=
golang.org/x/net v0.2.0/go.mod h1:KqCZLdyyvdV855qA2rE3GC2aiw5xGR5TEjj8smXukLY=
golang.org/x/net v0.44.0 h1:evd8IRDyfNBMBTTY5XRF1vaZlD+EmWx6x8PkhR04H/I=
golang.org/x/net v0.44.0/go.mod h1:ECOoLqd5U3Lhyeyo/QDCEVQ4sNgYsqvCZ722XogGieY=
golang.org/x/oauth2 v0.31.0 h1:8Fq0yVZLh4j4YA47vHKFTa9Ew5XIrCP8LC6UeNZnLxo=
golang.org/x/oauth2 v0.31.0/go.mod h1:lzm5WQJQwKZ3nwavOZ3IS5Aulzxi68dUSgRHujetwEA=
golang.org/x/sync v0.0.0-20190423024810-112230192c58/go.mod h1:RxMgew5VJxzue5/jJTE5uejpjVlOe/izrB70Jof72aM=
golang.org/x/sync v0.0.0-20220722155255-886fb9371eb4/go.mod h1:RxMgew5VJxzue5/jJTE5uejpjVlOe/izrB70Jof72aM=
golang.org/x/sync v0.1.0/go.mod h1:RxMgew5VJxzue5/jJTE5uejpjVlOe/izrB70Jof72aM=
golang.org/x/sync v0.17.0 h1:l60nONMj9l5drqw6jlhIELNv9I0A4OFgRsG9k2oT9Ug=
golang.org/x/sync v0.17.0/go.mod h1:9KTHXmSnoGruLpwFjVSX0lNNA75CykiMECbovNTZqGI=
golang.org/x/sys v0.0.0-20190215142949-d0b11bdaac8a/go.mod h1:STP8DvDyc/dI5b8T5hshtkjS+E42TnysNCUPdjciGhY=
golang.org/x/sys v0.0.0-20201119102817-f84b799fce68/go.mod h1:h1NjWce9XRLGQEsW7wpKNCjG9DtNlClVuFLEZdDNbEs=
golang.org/x/sys v0.0.0-20210615035016-665e8c7367d1/go.mod h1:oPkhp1MJrh7nUepCBck5+mAzfO9JrbApNNgaTdGDITg=
golang.org/x/sys v0.0.0-20220520151302-bc2c85ada10a/go.mod h1:oPkhp1MJrh7nUepCBck5+mAzfO9JrbApNNgaTdGDITg=
golang.org/x/sys v0.0.0-20220722155257-8c9f86f7a55f/go.mod h1:oPkhp1MJrh7nUepCBck5+mAzfO9JrbApNNgaTdGDITg=
golang.org/x/sys v0.1.0/go.mod h1:oPkhp1MJrh7nUepCBck5+mAzfO9JrbApNNgaTdGDITg=
golang.org/x/sys v0.2.0/go.mod h1:oPkhp1MJrh7nUepCBck5+mAzfO9JrbApNNgaTdGDITg=
golang.org/x/sys v0.36.0 h1:KVRy2GtZBrk1cBYA7MKu5bEZFxQk4NIDV6RLVcC8o0k=
golang.org/x/sys v0.36.0/go.mod h1:OgkHotnGiDImocRcuBABYBEXf8A9a87e/uXjp9XT3ks=
golang.org/x/term v0.0.0-20201126162022-7de9c90e9dd1/go.mod h1:bj7SfCRtBDWHUb9snDiAeCFNEtKQo2Wmx5Cou7ajbmo=
golang.org/x/term v0.0.0-20210927222741-03fcf44c2211/go.mod h1:jbD1KX2456YbFQfuXm/mYQcufACuNUgVhRMnK/tPxf8=
golang.org/x/term v0.2.0/go.mod h1:TVmDHMZPmdnySmBfhjOoOdhjzdE1h4u1VwSiw2l1Nuc=
golang.org/x/term v0.35.0 h1:bZBVKBudEyhRcajGcNc3jIfWPqV4y/Kt2XcoigOWtDQ=
golang.org/x/term v0.35.0/go.mod h1:TPGtkTLesOwf2DE8CgVYiZinHAOuy5AYUYT1lENIZnA=
golang.org/x/text v0.3.0/go.mod h1:NqM8EUOU14njkJ3fqMW+pc6Ldnwhi/IjpwHt7yyuwOQ=
golang.org/x/text v0.3.3/go.mod h1:5Zoc/QRtKVWzQhOtBMvqHzDpF6irO9z98xDceosuGiQ=
golang.org/x/text v0.3.7/go.mod h1:u+2+/6zg+i71rQMx5EYifcz6MCKuco9NR6JIITiCfzQ=
golang.org/x/text v0.4.0/go.mod h1:mrYo+phRRbMaCq/xk9113O4dZlRixOauAjOtrjsXDZ8=
golang.org/x/text v0.29.0 h1:1neNs90w9YzJ9BocxfsQNHKuAT4pkghyXc4nhZ6sJvk=
golang.org/x/text v0.29.0/go.mod h1:7MhJOA9CD2qZyOKYazxdYMF85OwPdEr9jTtBpO7ydH4=
golang.org/x/tools v0.0.0-20180917221912-90fa682c2a6e/go.mod h1:n7NCudcB/nEzxVGmLbDWY5pfWTLqBcC2KZ6jyYvM4mQ=
golang.org/x/tools v0.0.0-20191119224855-298f0cb1881e/go.mod h1:b+2E5dAYhXwXZwtnZ6UAqBI28+e2cm9otk0dWdXHAEo=
golang.org/x/tools v0.1.12/go.mod h1:hNGJHUnrk76NpqgfD5Aqm5Crs+Hm0VOH/i9J2+nxYbc=
golang.org/x/tools v0.3.0/go.mod h1:/rWhSS2+zyEVwoJf8YAX6L2f0ntZ7Kn/mGgAWcipA5k=
golang.org/x/tools v0.37.0 h1:DVSRzp7FwePZW356yEAChSdNcQo6Nsp+fex1SUW09lE=
golang.org/x/tools v0.37.0/go.mod h1:MBN5QPQtLMHVdvsbtarmTNukZDdgwdwlO5qGacAzF0w=
golang.org/x/xerrors v0.0.0-20190717185122-a985d3407aa7/go.mod h1:I/5z698sn9Ka8TeJc9MKroUUfqBBauWjQqLJ2OPfmY0=
golang.org/x/xerrors v0.0.0-20191204190536-9bdfabe68543/go.mod h1:I/5z698sn9Ka8TeJc9MKroUUfqBBauWjQqLJ2OPfmY0=
google.golang.org/protobuf v1.36.9 h1:w2gp2mA27hUeUzj9Ex9FBjsBm40zfaDtEWow293U7Iw=
google.golang.org/protobuf v1.36.9/go.mod h1:fuxRtAxBytpl4zzqUh6/eyUujkJdNiuEkXntxiD/uRU=
gopkg.in/check.v1 v0.0.0-20161208181325-20d25e280405/go.mod h1:Co6ibVJAznAaIkqp8huTwlJQCZ016jof/cbN4VW5Yz0=
gopkg.in/check.v1 v1.0.0-20201130134442-10cb98267c6c h1:Hei/4ADfdWqJk1ZMxUNpqntNwaWcugrBjAiHlqqRiVk=
gopkg.in/check.v1 v1.0.0-20201130134442-10cb98267c6c/go.mod h1:JHkPIbrfpd72SG/EVd6muEfDQjcINNoR0C8j2r3qZ4Q=
gopkg.in/yaml.v3 v3.0.1 h1:fxVm/GzAzEWqLHuvctI91KS9hhNmmWOoWu0XTYJS7CA=
gopkg.in/yaml.v3 v3.0.1/go.mod h1:K4uyk7z7BCEPqu6E+C64Yfv1cQ7kz7rIZviUmN+EgEM=
rsc.io/qr v0.2.0 h1:6vBLea5/NRMVTz8V66gipeLycZMl/+UlFmk8DvqQ6WY=
rsc.io/qr v0.2.0/go.mod h1:IF+uZjkb9fqyeF/4tlBoynqmQxUoPfWEKh921coOuXs=
